
Microsoft Visual Studio Solution File, Format Version 12.00
# Visual Studio Version 16
VisualStudioVersion = 16.0.30523.141
MinimumVisualStudioVersion = 10.0.40219.1
Project("{FAE04EC0-301F-11D3-BF4B-00C04F79EFBC}") = "Financial_Manager_V0.0", "Financial_Manager_V0.0.csproj", "{BA9CE605-4A22-4630-A95D-FC930C6627A9}"
EndProject
Global
	GlobalSection(SolutionConfigurationPlatforms) = preSolution
		Debug|Any CPU = Debug|Any CPU
		Release|Any CPU = Release|Any CPU
	EndGlobalSection
	GlobalSection(ProjectConfigurationPlatforms) = postSolution
		{BA9CE605-4A22-4630-A95D-FC930C6627A9}.Debug|Any CPU.ActiveCfg = Debug|Any CPU
		{BA9CE605-4A22-4630-A95D-FC930C6627A9}.Debug|Any CPU.Build.0 = Debug|Any CPU
		{BA9CE605-4A22-4630-A95D-FC930C6627A9}.Release|Any CPU.ActiveCfg = Release|Any CPU
		{BA9CE605-4A22-4630-A95D-FC930C6627A9}.Release|Any CPU.Build.0 = Release|Any CPU
	EndGlobalSection
	GlobalSection(SolutionProperties) = preSolution
		HideSolutionNode = FALSE
	EndGlobalSection
	GlobalSection(ExtensibilityGlobals) = postSolution
		SolutionGuid = {9A3ADEDE-411D-4F11-80D2-687BF518649A}
	EndGlobalSection
EndGlobal
