
Microsoft Visual Studio Solution File, Format Version 12.00
# Visual Studio Version 16
VisualStudioVersion = 16.0.30523.141
MinimumVisualStudioVersion = 10.0.40219.1
Project("{FAE04EC0-301F-11D3-BF4B-00C04F79EFBC}") = "Financial_Manager_V0.0", "Financial_Manager_V0.0.csproj", "{134E223E-44CB-46FC-AACF-D87AC6F7A24F}"
EndProject
Global
	GlobalSection(SolutionConfigurationPlatforms) = preSolution
		Debug|Any CPU = Debug|Any CPU
		Release|Any CPU = Release|Any CPU
	EndGlobalSection
	GlobalSection(ProjectConfigurationPlatforms) = postSolution
		{134E223E-44CB-46FC-AACF-D87AC6F7A24F}.Debug|Any CPU.ActiveCfg = Debug|Any CPU
		{134E223E-44CB-46FC-AACF-D87AC6F7A24F}.Debug|Any CPU.Build.0 = Debug|Any CPU
		{134E223E-44CB-46FC-AACF-D87AC6F7A24F}.Release|Any CPU.ActiveCfg = Release|Any CPU
		{134E223E-44CB-46FC-AACF-D87AC6F7A24F}.Release|Any CPU.Build.0 = Release|Any CPU
	EndGlobalSection
	GlobalSection(SolutionProperties) = preSolution
		HideSolutionNode = FALSE
	EndGlobalSection
	GlobalSection(ExtensibilityGlobals) = postSolution
		SolutionGuid = {E7EB242A-F511-4D2F-B2B7-2D5148C29FEF}
	EndGlobalSection
EndGlobal
